
Microsoft Visual Studio Solution File, Format Version 12.00
# Visual Studio Version 17
VisualStudioVersion = 17.10.35027.167
MinimumVisualStudioVersion = 10.0.40219.1
Project("{FAE04EC0-301F-11D3-BF4B-00C04F79EFBC}") = "MVC", "MVC\MVC.csproj", "{3BA456A8-1EC2-4AEB-82F0-7119EF20C0CB}"
EndProject
Global
	GlobalSection(SolutionConfigurationPlatforms) = preSolution
		Debug|Any CPU = Debug|Any CPU
		Release|Any CPU = Release|Any CPU
	EndGlobalSection
	GlobalSection(ProjectConfigurationPlatforms) = postSolution
		{3BA456A8-1EC2-4AEB-82F0-7119EF20C0CB}.Debug|Any CPU.ActiveCfg = Debug|Any CPU
		{3BA456A8-1EC2-4AEB-82F0-7119EF20C0CB}.Debug|Any CPU.Build.0 = Debug|Any CPU
		{3BA456A8-1EC2-4AEB-82F0-7119EF20C0CB}.Release|Any CPU.ActiveCfg = Release|Any CPU
		{3BA456A8-1EC2-4AEB-82F0-7119EF20C0CB}.Release|Any CPU.Build.0 = Release|Any CPU
	EndGlobalSection
	GlobalSection(SolutionProperties) = preSolution
		HideSolutionNode = FALSE
	EndGlobalSection
	GlobalSection(ExtensibilityGlobals) = postSolution
		SolutionGuid = {021F9A67-4BBE-4ED1-879A-81A9CB183D00}
	EndGlobalSection
EndGlobal
