
Microsoft Visual Studio Solution File, Format Version 12.00
# Visual Studio Version 17
VisualStudioVersion = 17.10.35027.167
MinimumVisualStudioVersion = 10.0.40219.1
Project("{FAE04EC0-301F-11D3-BF4B-00C04F79EFBC}") = "PaymentApp", "PaymentApp\PaymentApp.csproj", "{9EDAC9C1-8A44-4011-9F30-A38F9AB8B721}"
EndProject
Global
	GlobalSection(SolutionConfigurationPlatforms) = preSolution
		Debug|Any CPU = Debug|Any CPU
		Release|Any CPU = Release|Any CPU
	EndGlobalSection
	GlobalSection(ProjectConfigurationPlatforms) = postSolution
		{9EDAC9C1-8A44-4011-9F30-A38F9AB8B721}.Debug|Any CPU.ActiveCfg = Debug|Any CPU
		{9EDAC9C1-8A44-4011-9F30-A38F9AB8B721}.Debug|Any CPU.Build.0 = Debug|Any CPU
		{9EDAC9C1-8A44-4011-9F30-A38F9AB8B721}.Release|Any CPU.ActiveCfg = Release|Any CPU
		{9EDAC9C1-8A44-4011-9F30-A38F9AB8B721}.Release|Any CPU.Build.0 = Release|Any CPU
	EndGlobalSection
	GlobalSection(SolutionProperties) = preSolution
		HideSolutionNode = FALSE
	EndGlobalSection
	GlobalSection(ExtensibilityGlobals) = postSolution
		SolutionGuid = {E42779C1-3338-4020-B625-63D9BDF78CEC}
	EndGlobalSection
EndGlobal
